
Microsoft Visual Studio Solution File, Format Version 12.00
# Visual Studio Version 17
VisualStudioVersion = 17.4.33205.214
MinimumVisualStudioVersion = 10.0.40219.1
Project("{2150E333-8FDC-42A3-9474-1A3956D46DE8}") = "WPF", "WPF", "{5DC56400-3990-4186-B72A-8F5ABD4BEE89}"
EndProject
Project("{2150E333-8FDC-42A3-9474-1A3956D46DE8}") = "CSharp", "CSharp", "{605A04F3-A78F-4E79-9C87-E8A7C0AD3E80}"
EndProject
Project("{2150E333-8FDC-42A3-9474-1A3956D46DE8}") = "WinForm", "WinForm", "{F5648B32-4C76-4656-A967-2E2F191FDBEA}"
EndProject
Project("{FAE04EC0-301F-11D3-BF4B-00C04F79EFBC}") = "01_Delegate", "01_Delegate\01_Delegate.csproj", "{F69E5D69-B132-46EF-8565-0166DCB8F92C}"
EndProject
Project("{2150E333-8FDC-42A3-9474-1A3956D46DE8}") = "WPFBookStudy", "WPFBookStudy", "{537860E2-94CE-40FF-9426-A3E19F110D6E}"
EndProject
Project("{2150E333-8FDC-42A3-9474-1A3956D46DE8}") = "GraphicBook", "GraphicBook", "{D2736B9F-E7ED-4C35-8A3B-1004AA2CE78E}"
EndProject
Project("{FAE04EC0-301F-11D3-BF4B-00C04F79EFBC}") = "Chapter02", "Chapter02\Chapter02.csproj", "{3F66E6FC-58C8-4604-AC46-69F4D35F023C}"
EndProject
Project("{FAE04EC0-301F-11D3-BF4B-00C04F79EFBC}") = "Chapter03", "Chapter03\Chapter03.csproj", "{BEF0B810-BB7E-4163-9557-945C5B711EF2}"
EndProject
Project("{FAE04EC0-301F-11D3-BF4B-00C04F79EFBC}") = "Chapter04", "Chapter04\Chapter04.csproj", "{8AD25431-663E-49B3-A9D6-DF086FD710BE}"
EndProject
Project("{FAE04EC0-301F-11D3-BF4B-00C04F79EFBC}") = "Chapter05", "Chapter05\Chapter05.csproj", "{67148BE7-2B23-47A6-888A-211ABE1E462B}"
EndProject
Project("{FAE04EC0-301F-11D3-BF4B-00C04F79EFBC}") = "Chapter06_Animation", "Chapter06_Animation\Chapter06_Animation.csproj", "{449E9536-8F48-4315-862F-E130AEAA4394}"
EndProject
Project("{FAE04EC0-301F-11D3-BF4B-00C04F79EFBC}") = "02_ExtensionMethod", "02_ExtensionMethod\02_ExtensionMethod.csproj", "{1279DCD1-E647-48A8-A388-413D2D004125}"
EndProject
Project("{2150E333-8FDC-42A3-9474-1A3956D46DE8}") = "DOTNET6", "DOTNET6", "{303D3738-B1CA-42EB-8522-ABB905A9F683}"
EndProject
Project("{2150E333-8FDC-42A3-9474-1A3956D46DE8}") = "DOTNET4.5", "DOTNET4.5", "{087C1EEC-D309-4494-8BBC-892660576224}"
EndProject
Project("{2150E333-8FDC-42A3-9474-1A3956D46DE8}") = "API", "API", "{0AE0E913-72B5-45AC-B896-09942CD07C17}"
EndProject
Project("{9A19103F-16F7-4668-BE54-9A1E7A4F7556}") = "OpenApiSearchAddress", "..\..\..\..\..\..\RazorPages\RedPlus.RazorPages\OpenApiSearchAddress\OpenApiSearchAddress\OpenApiSearchAddress.csproj", "{D90594D8-FDFE-44BE-A2E4-D68E4BD98DDB}"
EndProject
Project("{FAE04EC0-301F-11D3-BF4B-00C04F79EFBC}") = "AsyncBasic", "AsyncBasic\AsyncBasic.csproj", "{C2FEA3F3-B8F9-49AB-B344-E0B3179D4288}"
EndProject
Project("{FAE04EC0-301F-11D3-BF4B-00C04F79EFBC}") = "AsyncBasicCancleToken", "AsyncBasicCancleToken\AsyncBasicCancleToken.csproj", "{02195117-0E87-42FE-AC10-3557A8D3AF6F}"
EndProject
Project("{9A19103F-16F7-4668-BE54-9A1E7A4F7556}") = "AsyncBasicThread", "AsyncBasicThread\AsyncBasicThread.csproj", "{8CD86DC1-D3DC-4B2F-AAE5-CA87FCAB591D}"
EndProject
Project("{2150E333-8FDC-42A3-9474-1A3956D46DE8}") = "DesignPattern", "DesignPattern", "{9CB090E6-9240-4867-9421-FD44BC125AA4}"
EndProject
Project("{2150E333-8FDC-42A3-9474-1A3956D46DE8}") = "MVVM", "MVVM", "{C0098640-114C-421F-9E0A-1DC4412505AB}"
EndProject
Project("{FAE04EC0-301F-11D3-BF4B-00C04F79EFBC}") = "WPFMVVMPattern", "WPFMVVMPattern\WPFMVVMPattern.csproj", "{254C12DF-D630-4F19-9A00-461AD192EAC7}"
EndProject
Project("{2150E333-8FDC-42A3-9474-1A3956D46DE8}") = "OxyPlot", "OxyPlot", "{C805386B-F40B-4685-AA8C-B8252962D722}"
EndProject
Project("{FAE04EC0-301F-11D3-BF4B-00C04F79EFBC}") = "WPFOxyPlotGraph", "WPFOxyPlotGraph\WPFOxyPlotGraph.csproj", "{F541526B-362F-41F8-8343-F1C07D3FF67D}"
EndProject
Project("{2150E333-8FDC-42A3-9474-1A3956D46DE8}") = "Async", "Async", "{2862FB3C-F109-4176-9664-F8F08762492C}"
EndProject
Project("{2150E333-8FDC-42A3-9474-1A3956D46DE8}") = "Sqlite", "Sqlite", "{F35A709D-EC49-4E30-8F88-36F3D18D8313}"
EndProject
Project("{FAE04EC0-301F-11D3-BF4B-00C04F79EFBC}") = "SQLiteBasic", "SQLiteBasic\SQLiteBasic.csproj", "{42C87B9A-E7EE-4BE6-8DFC-8F8E23B1EDBC}"
EndProject
Project("{FAE04EC0-301F-11D3-BF4B-00C04F79EFBC}") = "03_WindowHandler", "03_WindowHandler\03_WindowHandler.csproj", "{CBF84389-1DAC-4DD0-98F4-7E33116A6968}"
EndProject
Project("{FAE04EC0-301F-11D3-BF4B-00C04F79EFBC}") = "SQLiteProject", "SQLiteProject\SQLiteProject.csproj", "{2AE49A39-D7F4-4A77-AA5E-5C0BC86DA95C}"
EndProject
Global
	GlobalSection(SolutionConfigurationPlatforms) = preSolution
		Debug|Any CPU = Debug|Any CPU
		Release|Any CPU = Release|Any CPU
	EndGlobalSection
	GlobalSection(ProjectConfigurationPlatforms) = postSolution
		{F69E5D69-B132-46EF-8565-0166DCB8F92C}.Debug|Any CPU.ActiveCfg = Debug|Any CPU
		{F69E5D69-B132-46EF-8565-0166DCB8F92C}.Debug|Any CPU.Build.0 = Debug|Any CPU
		{F69E5D69-B132-46EF-8565-0166DCB8F92C}.Release|Any CPU.ActiveCfg = Release|Any CPU
		{F69E5D69-B132-46EF-8565-0166DCB8F92C}.Release|Any CPU.Build.0 = Release|Any CPU
		{3F66E6FC-58C8-4604-AC46-69F4D35F023C}.Debug|Any CPU.ActiveCfg = Debug|Any CPU
		{3F66E6FC-58C8-4604-AC46-69F4D35F023C}.Debug|Any CPU.Build.0 = Debug|Any CPU
		{3F66E6FC-58C8-4604-AC46-69F4D35F023C}.Release|Any CPU.ActiveCfg = Release|Any CPU
		{3F66E6FC-58C8-4604-AC46-69F4D35F023C}.Release|Any CPU.Build.0 = Release|Any CPU
		{BEF0B810-BB7E-4163-9557-945C5B711EF2}.Debug|Any CPU.ActiveCfg = Debug|Any CPU
		{BEF0B810-BB7E-4163-9557-945C5B711EF2}.Debug|Any CPU.Build.0 = Debug|Any CPU
		{BEF0B810-BB7E-4163-9557-945C5B711EF2}.Release|Any CPU.ActiveCfg = Release|Any CPU
		{BEF0B810-BB7E-4163-9557-945C5B711EF2}.Release|Any CPU.Build.0 = Release|Any CPU
		{8AD25431-663E-49B3-A9D6-DF086FD710BE}.Debug|Any CPU.ActiveCfg = Debug|Any CPU
		{8AD25431-663E-49B3-A9D6-DF086FD710BE}.Debug|Any CPU.Build.0 = Debug|Any CPU
		{8AD25431-663E-49B3-A9D6-DF086FD710BE}.Release|Any CPU.ActiveCfg = Release|Any CPU
		{8AD25431-663E-49B3-A9D6-DF086FD710BE}.Release|Any CPU.Build.0 = Release|Any CPU
		{67148BE7-2B23-47A6-888A-211ABE1E462B}.Debug|Any CPU.ActiveCfg = Debug|Any CPU
		{67148BE7-2B23-47A6-888A-211ABE1E462B}.Debug|Any CPU.Build.0 = Debug|Any CPU
		{67148BE7-2B23-47A6-888A-211ABE1E462B}.Release|Any CPU.ActiveCfg = Release|Any CPU
		{67148BE7-2B23-47A6-888A-211ABE1E462B}.Release|Any CPU.Build.0 = Release|Any CPU
		{449E9536-8F48-4315-862F-E130AEAA4394}.Debug|Any CPU.ActiveCfg = Debug|Any CPU
		{449E9536-8F48-4315-862F-E130AEAA4394}.Debug|Any CPU.Build.0 = Debug|Any CPU
		{449E9536-8F48-4315-862F-E130AEAA4394}.Release|Any CPU.ActiveCfg = Release|Any CPU
		{449E9536-8F48-4315-862F-E130AEAA4394}.Release|Any CPU.Build.0 = Release|Any CPU
		{1279DCD1-E647-48A8-A388-413D2D004125}.Debug|Any CPU.ActiveCfg = Debug|Any CPU
		{1279DCD1-E647-48A8-A388-413D2D004125}.Debug|Any CPU.Build.0 = Debug|Any CPU
		{1279DCD1-E647-48A8-A388-413D2D004125}.Release|Any CPU.ActiveCfg = Release|Any CPU
		{1279DCD1-E647-48A8-A388-413D2D004125}.Release|Any CPU.Build.0 = Release|Any CPU
		{D90594D8-FDFE-44BE-A2E4-D68E4BD98DDB}.Debug|Any CPU.ActiveCfg = Debug|Any CPU
		{D90594D8-FDFE-44BE-A2E4-D68E4BD98DDB}.Debug|Any CPU.Build.0 = Debug|Any CPU
		{D90594D8-FDFE-44BE-A2E4-D68E4BD98DDB}.Release|Any CPU.ActiveCfg = Release|Any CPU
		{D90594D8-FDFE-44BE-A2E4-D68E4BD98DDB}.Release|Any CPU.Build.0 = Release|Any CPU
		{C2FEA3F3-B8F9-49AB-B344-E0B3179D4288}.Debug|Any CPU.ActiveCfg = Debug|Any CPU
		{C2FEA3F3-B8F9-49AB-B344-E0B3179D4288}.Debug|Any CPU.Build.0 = Debug|Any CPU
		{C2FEA3F3-B8F9-49AB-B344-E0B3179D4288}.Release|Any CPU.ActiveCfg = Release|Any CPU
		{C2FEA3F3-B8F9-49AB-B344-E0B3179D4288}.Release|Any CPU.Build.0 = Release|Any CPU
		{02195117-0E87-42FE-AC10-3557A8D3AF6F}.Debug|Any CPU.ActiveCfg = Debug|Any CPU
		{02195117-0E87-42FE-AC10-3557A8D3AF6F}.Debug|Any CPU.Build.0 = Debug|Any CPU
		{02195117-0E87-42FE-AC10-3557A8D3AF6F}.Release|Any CPU.ActiveCfg = Release|Any CPU
		{02195117-0E87-42FE-AC10-3557A8D3AF6F}.Release|Any CPU.Build.0 = Release|Any CPU
		{8CD86DC1-D3DC-4B2F-AAE5-CA87FCAB591D}.Debug|Any CPU.ActiveCfg = Debug|Any CPU
		{8CD86DC1-D3DC-4B2F-AAE5-CA87FCAB591D}.Debug|Any CPU.Build.0 = Debug|Any CPU
		{8CD86DC1-D3DC-4B2F-AAE5-CA87FCAB591D}.Release|Any CPU.ActiveCfg = Release|Any CPU
		{8CD86DC1-D3DC-4B2F-AAE5-CA87FCAB591D}.Release|Any CPU.Build.0 = Release|Any CPU
		{254C12DF-D630-4F19-9A00-461AD192EAC7}.Debug|Any CPU.ActiveCfg = Debug|Any CPU
		{254C12DF-D630-4F19-9A00-461AD192EAC7}.Debug|Any CPU.Build.0 = Debug|Any CPU
		{254C12DF-D630-4F19-9A00-461AD192EAC7}.Release|Any CPU.ActiveCfg = Release|Any CPU
		{254C12DF-D630-4F19-9A00-461AD192EAC7}.Release|Any CPU.Build.0 = Release|Any CPU
		{F541526B-362F-41F8-8343-F1C07D3FF67D}.Debug|Any CPU.ActiveCfg = Debug|Any CPU
		{F541526B-362F-41F8-8343-F1C07D3FF67D}.Debug|Any CPU.Build.0 = Debug|Any CPU
		{F541526B-362F-41F8-8343-F1C07D3FF67D}.Release|Any CPU.ActiveCfg = Release|Any CPU
		{F541526B-362F-41F8-8343-F1C07D3FF67D}.Release|Any CPU.Build.0 = Release|Any CPU
		{42C87B9A-E7EE-4BE6-8DFC-8F8E23B1EDBC}.Debug|Any CPU.ActiveCfg = Debug|Any CPU
		{42C87B9A-E7EE-4BE6-8DFC-8F8E23B1EDBC}.Debug|Any CPU.Build.0 = Debug|Any CPU
		{42C87B9A-E7EE-4BE6-8DFC-8F8E23B1EDBC}.Release|Any CPU.ActiveCfg = Release|Any CPU
		{42C87B9A-E7EE-4BE6-8DFC-8F8E23B1EDBC}.Release|Any CPU.Build.0 = Release|Any CPU
		{CBF84389-1DAC-4DD0-98F4-7E33116A6968}.Debug|Any CPU.ActiveCfg = Debug|Any CPU
		{CBF84389-1DAC-4DD0-98F4-7E33116A6968}.Debug|Any CPU.Build.0 = Debug|Any CPU
		{CBF84389-1DAC-4DD0-98F4-7E33116A6968}.Release|Any CPU.ActiveCfg = Release|Any CPU
		{CBF84389-1DAC-4DD0-98F4-7E33116A6968}.Release|Any CPU.Build.0 = Release|Any CPU
		{2AE49A39-D7F4-4A77-AA5E-5C0BC86DA95C}.Debug|Any CPU.ActiveCfg = Debug|Any CPU
		{2AE49A39-D7F4-4A77-AA5E-5C0BC86DA95C}.Debug|Any CPU.Build.0 = Debug|Any CPU
		{2AE49A39-D7F4-4A77-AA5E-5C0BC86DA95C}.Release|Any CPU.ActiveCfg = Release|Any CPU
		{2AE49A39-D7F4-4A77-AA5E-5C0BC86DA95C}.Release|Any CPU.Build.0 = Release|Any CPU
	EndGlobalSection
	GlobalSection(SolutionProperties) = preSolution
		HideSolutionNode = FALSE
	EndGlobalSection
	GlobalSection(NestedProjects) = preSolution
		{F69E5D69-B132-46EF-8565-0166DCB8F92C} = {605A04F3-A78F-4E79-9C87-E8A7C0AD3E80}
		{537860E2-94CE-40FF-9426-A3E19F110D6E} = {087C1EEC-D309-4494-8BBC-892660576224}
		{D2736B9F-E7ED-4C35-8A3B-1004AA2CE78E} = {537860E2-94CE-40FF-9426-A3E19F110D6E}
		{3F66E6FC-58C8-4604-AC46-69F4D35F023C} = {D2736B9F-E7ED-4C35-8A3B-1004AA2CE78E}
		{BEF0B810-BB7E-4163-9557-945C5B711EF2} = {D2736B9F-E7ED-4C35-8A3B-1004AA2CE78E}
		{8AD25431-663E-49B3-A9D6-DF086FD710BE} = {D2736B9F-E7ED-4C35-8A3B-1004AA2CE78E}
		{67148BE7-2B23-47A6-888A-211ABE1E462B} = {D2736B9F-E7ED-4C35-8A3B-1004AA2CE78E}
		{449E9536-8F48-4315-862F-E130AEAA4394} = {D2736B9F-E7ED-4C35-8A3B-1004AA2CE78E}
		{1279DCD1-E647-48A8-A388-413D2D004125} = {605A04F3-A78F-4E79-9C87-E8A7C0AD3E80}
		{303D3738-B1CA-42EB-8522-ABB905A9F683} = {5DC56400-3990-4186-B72A-8F5ABD4BEE89}
		{087C1EEC-D309-4494-8BBC-892660576224} = {5DC56400-3990-4186-B72A-8F5ABD4BEE89}
		{0AE0E913-72B5-45AC-B896-09942CD07C17} = {303D3738-B1CA-42EB-8522-ABB905A9F683}
		{D90594D8-FDFE-44BE-A2E4-D68E4BD98DDB} = {0AE0E913-72B5-45AC-B896-09942CD07C17}
		{C2FEA3F3-B8F9-49AB-B344-E0B3179D4288} = {2862FB3C-F109-4176-9664-F8F08762492C}
		{02195117-0E87-42FE-AC10-3557A8D3AF6F} = {2862FB3C-F109-4176-9664-F8F08762492C}
		{8CD86DC1-D3DC-4B2F-AAE5-CA87FCAB591D} = {2862FB3C-F109-4176-9664-F8F08762492C}
		{9CB090E6-9240-4867-9421-FD44BC125AA4} = {087C1EEC-D309-4494-8BBC-892660576224}
		{C0098640-114C-421F-9E0A-1DC4412505AB} = {9CB090E6-9240-4867-9421-FD44BC125AA4}
		{254C12DF-D630-4F19-9A00-461AD192EAC7} = {C0098640-114C-421F-9E0A-1DC4412505AB}
		{C805386B-F40B-4685-AA8C-B8252962D722} = {087C1EEC-D309-4494-8BBC-892660576224}
		{F541526B-362F-41F8-8343-F1C07D3FF67D} = {C805386B-F40B-4685-AA8C-B8252962D722}
		{2862FB3C-F109-4176-9664-F8F08762492C} = {F5648B32-4C76-4656-A967-2E2F191FDBEA}
		{F35A709D-EC49-4E30-8F88-36F3D18D8313} = {F5648B32-4C76-4656-A967-2E2F191FDBEA}
		{42C87B9A-E7EE-4BE6-8DFC-8F8E23B1EDBC} = {F35A709D-EC49-4E30-8F88-36F3D18D8313}
		{CBF84389-1DAC-4DD0-98F4-7E33116A6968} = {605A04F3-A78F-4E79-9C87-E8A7C0AD3E80}
		{2AE49A39-D7F4-4A77-AA5E-5C0BC86DA95C} = {F35A709D-EC49-4E30-8F88-36F3D18D8313}
	EndGlobalSection
	GlobalSection(ExtensibilityGlobals) = postSolution
		SolutionGuid = {B6F109F3-125E-456E-8FA6-A2DDE36CD45A}
	EndGlobalSection
EndGlobal
